PODS:
  - MultiplatformBleAdapter (0.1.5)

DEPENDENCIES:
  - "MultiplatformBleAdapter (from `git@github.com:dpwiese/MultiPlatformBleAdapter.git`, commit `66b7323c2fdd56f72a833bd42b038ade4a435405`)"

EXTERNAL SOURCES:
  MultiplatformBleAdapter:
    :commit: 66b7323c2fdd56f72a833bd42b038ade4a435405
    :git: "git@github.com:dpwiese/MultiPlatformBleAdapter.git"

CHECKOUT OPTIONS:
  MultiplatformBleAdapter:
    :commit: 66b7323c2fdd56f72a833bd42b038ade4a435405
    :git: "git@github.com:dpwiese/MultiPlatformBleAdapter.git"

SPEC CHECKSUMS:
  MultiplatformBleAdapter: 3c4391d428382738a47662ae1f665a29ce78ff39

PODFILE CHECKSUM: d11fa89ffd28dabfb17ed20cb392684d15aab139

COCOAPODS: 1.9.3
