PODS:
  - MultiplatformBleAdapter (0.1.6)

DEPENDENCIES:
  - "MultiplatformBleAdapter (from `git@github.com:dpwiese/MultiPlatformBleAdapter.git`, commit `e1cc5411167147804225a8141c294a8795ddfc36`)"

EXTERNAL SOURCES:
  MultiplatformBleAdapter:
    :commit: e1cc5411167147804225a8141c294a8795ddfc36
    :git: "git@github.com:dpwiese/MultiPlatformBleAdapter.git"

CHECKOUT OPTIONS:
  MultiplatformBleAdapter:
    :commit: e1cc5411167147804225a8141c294a8795ddfc36
    :git: "git@github.com:dpwiese/MultiPlatformBleAdapter.git"

SPEC CHECKSUMS:
  MultiplatformBleAdapter: 652f47ecd7f5036756517cf66833210709a72eab

PODFILE CHECKSUM: cd32b7e68d791e0a4f7120fcf4e09e4c07c1c413

COCOAPODS: 1.9.3
